
Microsoft Visual Studio Solution File, Format Version 12.00
# Visual Studio Version 17
VisualStudioVersion = 17.8.34408.163
MinimumVisualStudioVersion = 10.0.40219.1
Project("{2150E333-8FDC-42A3-9474-1A3956D46DE8}") = "ApiConsume", "ApiConsume", "{4E0EAC98-DDEE-4940-974A-7AB4308F15A3}"
EndProject
Project("{2150E333-8FDC-42A3-9474-1A3956D46DE8}") = "Frontend", "Frontend", "{A468AAD3-3E33-41A1-9C9A-30A058399775}"
EndProject
Project("{9A19103F-16F7-4668-BE54-9A1E7A4F7556}") = "HotelProject.WebApi", "ApiConsume\HotelProject.WebApi\HotelProject.WebApi.csproj", "{9C902BBC-A83C-485E-983D-31BB880E0E37}"
EndProject
Project("{9A19103F-16F7-4668-BE54-9A1E7A4F7556}") = "HotelProject.EntityLayer", "ApiConsume\HotelProject.EntityLayer\HotelProject.EntityLayer.csproj", "{47A2DA80-CCC1-4580-9224-D13512FE5005}"
EndProject
Project("{9A19103F-16F7-4668-BE54-9A1E7A4F7556}") = "HotelProject.DataAccessLayer", "ApiConsume\HotelProject.DataAccessLayer\HotelProject.DataAccessLayer.csproj", "{AD842465-9738-40E4-9C5B-8C85B0EA3172}"
EndProject
Project("{9A19103F-16F7-4668-BE54-9A1E7A4F7556}") = "HotelProject.BusinessLayer", "ApiConsume\HotelProject.BusinessLayer\HotelProject.BusinessLayer.csproj", "{70A95C07-7515-4FE0-B462-8D7E378B3376}"
EndProject
Project("{9A19103F-16F7-4668-BE54-9A1E7A4F7556}") = "HotelProject.DtoLayer", "ApiConsume\HotelProject.DtoLayer\HotelProject.DtoLayer.csproj", "{B207BAC9-C6FC-4CFB-BD69-2AFDADB6C1F3}"
EndProject
Project("{9A19103F-16F7-4668-BE54-9A1E7A4F7556}") = "HotelProject.WebUI", "Frontend\HotelProject.WebUI\HotelProject.WebUI.csproj", "{7331EDB7-935D-4F5A-B569-BCF907DDD1D3}"
EndProject
Project("{2150E333-8FDC-42A3-9474-1A3956D46DE8}") = "RapidApi", "RapidApi", "{726AEBF9-2E7D-4D18-9466-4D06D65FA00C}"
EndProject
Project("{9A19103F-16F7-4668-BE54-9A1E7A4F7556}") = "RapidApiConsume", "RapidApi\RapidApiConsume\RapidApiConsume.csproj", "{CA95A329-2869-433F-8E5A-D64D009CA007}"
EndProject
Project("{2150E333-8FDC-42A3-9474-1A3956D46DE8}") = "JwtProject", "JwtProject", "{66C7CC86-5036-4DF8-A491-F6151D6775EA}"
EndProject
Project("{FAE04EC0-301F-11D3-BF4B-00C04F79EFBC}") = "WebApiJwt", "JwtProject\WebApiJwt\WebApiJwt.csproj", "{E81A2F93-E818-4211-854D-E17F9F4115B5}"
EndProject
Global
	GlobalSection(SolutionConfigurationPlatforms) = preSolution
		Debug|Any CPU = Debug|Any CPU
		Release|Any CPU = Release|Any CPU
	EndGlobalSection
	GlobalSection(ProjectConfigurationPlatforms) = postSolution
		{9C902BBC-A83C-485E-983D-31BB880E0E37}.Debug|Any CPU.ActiveCfg = Debug|Any CPU
		{9C902BBC-A83C-485E-983D-31BB880E0E37}.Debug|Any CPU.Build.0 = Debug|Any CPU
		{9C902BBC-A83C-485E-983D-31BB880E0E37}.Release|Any CPU.ActiveCfg = Release|Any CPU
		{9C902BBC-A83C-485E-983D-31BB880E0E37}.Release|Any CPU.Build.0 = Release|Any CPU
		{47A2DA80-CCC1-4580-9224-D13512FE5005}.Debug|Any CPU.ActiveCfg = Debug|Any CPU
		{47A2DA80-CCC1-4580-9224-D13512FE5005}.Debug|Any CPU.Build.0 = Debug|Any CPU
		{47A2DA80-CCC1-4580-9224-D13512FE5005}.Release|Any CPU.ActiveCfg = Release|Any CPU
		{47A2DA80-CCC1-4580-9224-D13512FE5005}.Release|Any CPU.Build.0 = Release|Any CPU
		{AD842465-9738-40E4-9C5B-8C85B0EA3172}.Debug|Any CPU.ActiveCfg = Debug|Any CPU
		{AD842465-9738-40E4-9C5B-8C85B0EA3172}.Debug|Any CPU.Build.0 = Debug|Any CPU
		{AD842465-9738-40E4-9C5B-8C85B0EA3172}.Release|Any CPU.ActiveCfg = Release|Any CPU
		{AD842465-9738-40E4-9C5B-8C85B0EA3172}.Release|Any CPU.Build.0 = Release|Any CPU
		{70A95C07-7515-4FE0-B462-8D7E378B3376}.Debug|Any CPU.ActiveCfg = Debug|Any CPU
		{70A95C07-7515-4FE0-B462-8D7E378B3376}.Debug|Any CPU.Build.0 = Debug|Any CPU
		{70A95C07-7515-4FE0-B462-8D7E378B3376}.Release|Any CPU.ActiveCfg = Release|Any CPU
		{70A95C07-7515-4FE0-B462-8D7E378B3376}.Release|Any CPU.Build.0 = Release|Any CPU
		{B207BAC9-C6FC-4CFB-BD69-2AFDADB6C1F3}.Debug|Any CPU.ActiveCfg = Debug|Any CPU
		{B207BAC9-C6FC-4CFB-BD69-2AFDADB6C1F3}.Debug|Any CPU.Build.0 = Debug|Any CPU
		{B207BAC9-C6FC-4CFB-BD69-2AFDADB6C1F3}.Release|Any CPU.ActiveCfg = Release|Any CPU
		{B207BAC9-C6FC-4CFB-BD69-2AFDADB6C1F3}.Release|Any CPU.Build.0 = Release|Any CPU
		{7331EDB7-935D-4F5A-B569-BCF907DDD1D3}.Debug|Any CPU.ActiveCfg = Debug|Any CPU
		{7331EDB7-935D-4F5A-B569-BCF907DDD1D3}.Debug|Any CPU.Build.0 = Debug|Any CPU
		{7331EDB7-935D-4F5A-B569-BCF907DDD1D3}.Release|Any CPU.ActiveCfg = Release|Any CPU
		{7331EDB7-935D-4F5A-B569-BCF907DDD1D3}.Release|Any CPU.Build.0 = Release|Any CPU
		{CA95A329-2869-433F-8E5A-D64D009CA007}.Debug|Any CPU.ActiveCfg = Debug|Any CPU
		{CA95A329-2869-433F-8E5A-D64D009CA007}.Debug|Any CPU.Build.0 = Debug|Any CPU
		{CA95A329-2869-433F-8E5A-D64D009CA007}.Release|Any CPU.ActiveCfg = Release|Any CPU
		{CA95A329-2869-433F-8E5A-D64D009CA007}.Release|Any CPU.Build.0 = Release|Any CPU
		{E81A2F93-E818-4211-854D-E17F9F4115B5}.Debug|Any CPU.ActiveCfg = Debug|Any CPU
		{E81A2F93-E818-4211-854D-E17F9F4115B5}.Debug|Any CPU.Build.0 = Debug|Any CPU
		{E81A2F93-E818-4211-854D-E17F9F4115B5}.Release|Any CPU.ActiveCfg = Release|Any CPU
		{E81A2F93-E818-4211-854D-E17F9F4115B5}.Release|Any CPU.Build.0 = Release|Any CPU
	EndGlobalSection
	GlobalSection(SolutionProperties) = preSolution
		HideSolutionNode = FALSE
	EndGlobalSection
	GlobalSection(NestedProjects) = preSolution
		{9C902BBC-A83C-485E-983D-31BB880E0E37} = {4E0EAC98-DDEE-4940-974A-7AB4308F15A3}
		{47A2DA80-CCC1-4580-9224-D13512FE5005} = {4E0EAC98-DDEE-4940-974A-7AB4308F15A3}
		{AD842465-9738-40E4-9C5B-8C85B0EA3172} = {4E0EAC98-DDEE-4940-974A-7AB4308F15A3}
		{70A95C07-7515-4FE0-B462-8D7E378B3376} = {4E0EAC98-DDEE-4940-974A-7AB4308F15A3}
		{B207BAC9-C6FC-4CFB-BD69-2AFDADB6C1F3} = {4E0EAC98-DDEE-4940-974A-7AB4308F15A3}
		{7331EDB7-935D-4F5A-B569-BCF907DDD1D3} = {A468AAD3-3E33-41A1-9C9A-30A058399775}
		{CA95A329-2869-433F-8E5A-D64D009CA007} = {726AEBF9-2E7D-4D18-9466-4D06D65FA00C}
		{E81A2F93-E818-4211-854D-E17F9F4115B5} = {66C7CC86-5036-4DF8-A491-F6151D6775EA}
	EndGlobalSection
	GlobalSection(ExtensibilityGlobals) = postSolution
		SolutionGuid = {F368F1B2-0971-4E9C-86E7-4EACD494860C}
	EndGlobalSection
EndGlobal
